
Microsoft Visual Studio Solution File, Format Version 11.00
# Visual Studio 2010
Project("{8BC9CEB8-8B4A-11D0-8D11-00A0C91BC942}") = "SendMsgToPort", "SendMsgToPort\SendMsgToPort.vcxproj", "{3824FBE8-9133-47E4-B59D-9A090534DAAB}"
EndProject
Global
	GlobalSection(SolutionConfigurationPlatforms) = preSolution
		Debug|Win32 = Debug|Win32
		Release|Win32 = Release|Win32
	EndGlobalSection
	GlobalSection(ProjectConfigurationPlatforms) = postSolution
		{3824FBE8-9133-47E4-B59D-9A090534DAAB}.Debug|Win32.ActiveCfg = Debug|Win32
		{3824FBE8-9133-47E4-B59D-9A090534DAAB}.Debug|Win32.Build.0 = Debug|Win32
		{3824FBE8-9133-47E4-B59D-9A090534DAAB}.Release|Win32.ActiveCfg = Release|Win32
		{3824FBE8-9133-47E4-B59D-9A090534DAAB}.Release|Win32.Build.0 = Release|Win32
	EndGlobalSection
	GlobalSection(SolutionProperties) = preSolution
		HideSolutionNode = FALSE
	EndGlobalSection
EndGlobal
